
Microsoft Visual Studio Solution File, Format Version 12.00
# Visual Studio 15
VisualStudioVersion = 15.0.28307.645
MinimumVisualStudioVersion = 10.0.40219.1
Project("{FAE04EC0-301F-11D3-BF4B-00C04F79EFBC}") = "DatingApp.API", "DatingApp.API\DatingApp.API.csproj", "{13695DE8-D319-48A8-8AEB-005528AE3695}"
EndProject
Global
	GlobalSection(SolutionConfigurationPlatforms) = preSolution
		Debug|Any CPU = Debug|Any CPU
		Release|Any CPU = Release|Any CPU
	EndGlobalSection
	GlobalSection(ProjectConfigurationPlatforms) = postSolution
		{13695DE8-D319-48A8-8AEB-005528AE3695}.Debug|Any CPU.ActiveCfg = Debug|Any CPU
		{13695DE8-D319-48A8-8AEB-005528AE3695}.Debug|Any CPU.Build.0 = Debug|Any CPU
		{13695DE8-D319-48A8-8AEB-005528AE3695}.Release|Any CPU.ActiveCfg = Release|Any CPU
		{13695DE8-D319-48A8-8AEB-005528AE3695}.Release|Any CPU.Build.0 = Release|Any CPU
	EndGlobalSection
	GlobalSection(SolutionProperties) = preSolution
		HideSolutionNode = FALSE
	EndGlobalSection
	GlobalSection(ExtensibilityGlobals) = postSolution
		SolutionGuid = {57640610-BBAF-459E-807D-9D03C78C5B78}
	EndGlobalSection
EndGlobal
